
Microsoft Visual Studio Solution File, Format Version 12.00
# Visual Studio Version 17
VisualStudioVersion = 17.10.35013.160
MinimumVisualStudioVersion = 10.0.40219.1
Project("{FAE04EC0-301F-11D3-BF4B-00C04F79EFBC}") = "WebApplication2", "WebApplication2.csproj", "{0A4DCAFE-3043-4DF6-9F4F-FF2F6B79D57B}"
EndProject
Global
	GlobalSection(SolutionConfigurationPlatforms) = preSolution
		Debug|Any CPU = Debug|Any CPU
		Release|Any CPU = Release|Any CPU
	EndGlobalSection
	GlobalSection(ProjectConfigurationPlatforms) = postSolution
		{0A4DCAFE-3043-4DF6-9F4F-FF2F6B79D57B}.Debug|Any CPU.ActiveCfg = Debug|Any CPU
		{0A4DCAFE-3043-4DF6-9F4F-FF2F6B79D57B}.Debug|Any CPU.Build.0 = Debug|Any CPU
		{0A4DCAFE-3043-4DF6-9F4F-FF2F6B79D57B}.Release|Any CPU.ActiveCfg = Release|Any CPU
		{0A4DCAFE-3043-4DF6-9F4F-FF2F6B79D57B}.Release|Any CPU.Build.0 = Release|Any CPU
	EndGlobalSection
	GlobalSection(SolutionProperties) = preSolution
		HideSolutionNode = FALSE
	EndGlobalSection
	GlobalSection(ExtensibilityGlobals) = postSolution
		SolutionGuid = {078799F2-CDC7-44E4-AA46-0F465BD6E19E}
	EndGlobalSection
EndGlobal
